
Microsoft Visual Studio Solution File, Format Version 12.00
# Visual Studio Version 17
VisualStudioVersion = 17.3.32811.315
MinimumVisualStudioVersion = 10.0.40219.1
Project("{FAE04EC0-301F-11D3-BF4B-00C04F79EFBC}") = "WinFormDemo", "WinFormDemo\WinFormDemo.csproj", "{136309D5-5D2C-42F9-8B94-54EA42FFF08C}"
EndProject
Project("{54435603-DBB4-11D2-8724-00A0C9A8B90C}") = "DemoApp", "DemoApp\DemoApp.vdproj", "{30C8BC3D-F608-4B2A-8130-6A66FDE1076A}"
EndProject
Global
	GlobalSection(SolutionConfigurationPlatforms) = preSolution
		Debug|Any CPU = Debug|Any CPU
		Release|Any CPU = Release|Any CPU
	EndGlobalSection
	GlobalSection(ProjectConfigurationPlatforms) = postSolution
		{136309D5-5D2C-42F9-8B94-54EA42FFF08C}.Debug|Any CPU.ActiveCfg = Debug|Any CPU
		{136309D5-5D2C-42F9-8B94-54EA42FFF08C}.Debug|Any CPU.Build.0 = Debug|Any CPU
		{136309D5-5D2C-42F9-8B94-54EA42FFF08C}.Release|Any CPU.ActiveCfg = Release|Any CPU
		{136309D5-5D2C-42F9-8B94-54EA42FFF08C}.Release|Any CPU.Build.0 = Release|Any CPU
		{30C8BC3D-F608-4B2A-8130-6A66FDE1076A}.Debug|Any CPU.ActiveCfg = Debug
		{30C8BC3D-F608-4B2A-8130-6A66FDE1076A}.Release|Any CPU.ActiveCfg = Release
	EndGlobalSection
	GlobalSection(SolutionProperties) = preSolution
		HideSolutionNode = FALSE
	EndGlobalSection
	GlobalSection(ExtensibilityGlobals) = postSolution
		SolutionGuid = {3B5B9D9F-9DE1-4874-8F35-5B072E4FCD5F}
	EndGlobalSection
EndGlobal
